// !$*UTF8*$!
{
	archiveVersion = 1;
	classes = {
	};
	objectVersion = 50;
	objects = {

/* Begin PBXBuildFile section */
		9506364F2170E961004C8A57 /* ResultRecipesListViewController.swift in Sources */ = {isa = PBXBuildFile; fileRef = 9506364E2170E961004C8A57 /* ResultRecipesListViewController.swift */; };
		950636512170F55E004C8A57 /* RecipeTableViewCell.swift in Sources */ = {isa = PBXBuildFile; fileRef = 950636502170F55E004C8A57 /* RecipeTableViewCell.swift */; };
		950F7EB42162833700618958 /* AppDelegate.swift in Sources */ = {isa = PBXBuildFile; fileRef = 950F7EB32162833700618958 /* AppDelegate.swift */; };
		950F7EB92162833700618958 /* Main.storyboard in Resources */ = {isa = PBXBuildFile; fileRef = 950F7EB72162833700618958 /* Main.storyboard */; };
		950F7EBE2162833900618958 /* Assets.xcassets in Resources */ = {isa = PBXBuildFile; fileRef = 950F7EBD2162833900618958 /* Assets.xcassets */; };
		95123AB3217E20A500860546 /* UITextField.swift in Sources */ = {isa = PBXBuildFile; fileRef = 95123AB2217E20A500860546 /* UITextField.swift */; };
		9544A1812183831500E6FE78 /* FavoriteRecipeTableViewCell.swift in Sources */ = {isa = PBXBuildFile; fileRef = 9544A1802183831500E6FE78 /* FavoriteRecipeTableViewCell.swift */; };
		9544A19021838EC700E6FE78 /* FavoriteRecipe+CoreDataClass.swift in Sources */ = {isa = PBXBuildFile; fileRef = 9544A18E21838EC700E6FE78 /* FavoriteRecipe+CoreDataClass.swift */; };
		9544A19121838EC700E6FE78 /* FavoriteRecipe+CoreDataProperties.swift in Sources */ = {isa = PBXBuildFile; fileRef = 9544A18F21838EC700E6FE78 /* FavoriteRecipe+CoreDataProperties.swift */; };
		9544A1932183A36800E6FE78 /* DetailedFavoriteRecipeViewController.swift in Sources */ = {isa = PBXBuildFile; fileRef = 9544A1922183A36800E6FE78 /* DetailedFavoriteRecipeViewController.swift */; };
		9544A1972183A77B00E6FE78 /* DetailedFavoriteRecipeView.swift in Sources */ = {isa = PBXBuildFile; fileRef = 9544A1962183A77B00E6FE78 /* DetailedFavoriteRecipeView.swift */; };
		9550D6B621790625004232B1 /* UIImageView.swift in Sources */ = {isa = PBXBuildFile; fileRef = 9550D6B521790625004232B1 /* UIImageView.swift */; };
		9550D6BE217A2DC2004232B1 /* DetailedRecipeService.swift in Sources */ = {isa = PBXBuildFile; fileRef = 9550D6BA217A2DC1004232B1 /* DetailedRecipeService.swift */; };
		9550D6C2217A2DEE004232B1 /* SearchRecipeService.swift in Sources */ = {isa = PBXBuildFile; fileRef = 9550D6C1217A2DEE004232B1 /* SearchRecipeService.swift */; };
		9550D6C4217A2E2E004232B1 /* DetailedRecipe.swift in Sources */ = {isa = PBXBuildFile; fileRef = 9550D6C3217A2E2E004232B1 /* DetailedRecipe.swift */; };
		9550D6C8217A358C004232B1 /* DetailedRecipesViewController.swift in Sources */ = {isa = PBXBuildFile; fileRef = 9550D6C7217A358C004232B1 /* DetailedRecipesViewController.swift */; };
		9573CAA32163BC4A0051E7EB /* URLStruct.swift in Sources */ = {isa = PBXBuildFile; fileRef = 9573CAA22163BC4A0051E7EB /* URLStruct.swift */; };
		9578032B217A526D006F2B3C /* DetailedRecipeView.swift in Sources */ = {isa = PBXBuildFile; fileRef = 9578032A217A526D006F2B3C /* DetailedRecipeView.swift */; };
		9592C5842167D24000206796 /* SearchRecipeViewController.swift in Sources */ = {isa = PBXBuildFile; fileRef = 9592C5832167D24000206796 /* SearchRecipeViewController.swift */; };
		95956035217F55CC00DB0F84 /* Reciplease.xcdatamodeld in Sources */ = {isa = PBXBuildFile; fileRef = 95956033217F55CC00DB0F84 /* Reciplease.xcdatamodeld */; };
		95956039217F5F4600DB0F84 /* FavoritesRecipesListViewController.swift in Sources */ = {isa = PBXBuildFile; fileRef = 95956038217F5F4600DB0F84 /* FavoritesRecipesListViewController.swift */; };
		95B1867B218C9B4000F05B08 /* SearchRecipeTests.swift in Sources */ = {isa = PBXBuildFile; fileRef = 95B1867A218C9B4000F05B08 /* SearchRecipeTests.swift */; };
		95B61A21218CCC7B00952D83 /* DetailedRecipeTests.swift in Sources */ = {isa = PBXBuildFile; fileRef = 95B61A20218CCC7B00952D83 /* DetailedRecipeTests.swift */; };
		95B61A23218D0CBF00952D83 /* SessionManagerFake.swift in Sources */ = {isa = PBXBuildFile; fileRef = 95B61A22218D0CBF00952D83 /* SessionManagerFake.swift */; };
		95C691EC216B993000BEB718 /* SearchRecipe.swift in Sources */ = {isa = PBXBuildFile; fileRef = 95C691EB216B993000BEB718 /* SearchRecipe.swift */; };
		95C691EF216BA25700BEB718 /* UIViewController.swift in Sources */ = {isa = PBXBuildFile; fileRef = 95C691EE216BA25700BEB718 /* UIViewController.swift */; };
		95C84C142188B42300B02AA3 /* SearchRecipe.json in Resources */ = {isa = PBXBuildFile; fileRef = 95C84C132188B42300B02AA3 /* SearchRecipe.json */; };
		95C84C162188B64500B02AA3 /* FakeResponseData.swift in Sources */ = {isa = PBXBuildFile; fileRef = 95C84C152188B64500B02AA3 /* FakeResponseData.swift */; };
		95DD0856218A3A280002CA44 /* LaunchScreen.storyboard in Resources */ = {isa = PBXBuildFile; fileRef = 95DD0854218A3A280002CA44 /* LaunchScreen.storyboard */; };
		C3A3DCBC763D5EE853C88A4A /* Pods_RecipleaseTests.framework in Frameworks */ = {isa = PBXBuildFile; fileRef = 682191C6C91F5EC270EAD574 /* Pods_RecipleaseTests.framework */; };
		C8C9D781609B7DFD6BC93671 /* Pods_Reciplease.framework in Frameworks */ = {isa = PBXBuildFile; fileRef = CB038CC63294BF5592154F92 /* Pods_Reciplease.framework */; };
/* End PBXBuildFile section */

/* Begin PBXContainerItemProxy section */
		950F7EC82162833900618958 /* PBXContainerItemProxy */ = {
			isa = PBXContainerItemProxy;
			containerPortal = 950F7EA82162833700618958 /* Project object */;
			proxyType = 1;
			remoteGlobalIDString = 950F7EAF2162833700618958;
			remoteInfo = Reciplease;
		};
/* End PBXContainerItemProxy section */

/* Begin PBXFileReference section */
		1243EC6AB9F7ACF0B5421255 /* Pods-RecipleaseTests.release.xcconfig */ = {isa = PBXFileReference; includeInIndex = 1; lastKnownFileType = text.xcconfig; name = "Pods-RecipleaseTests.release.xcconfig"; path = "Pods/Target Support Files/Pods-RecipleaseTests/Pods-RecipleaseTests.release.xcconfig"; sourceTree = "<group>"; };
		3E8F34BE966DA359F301E10B /* Pods-Reciplease.release.xcconfig */ = {isa = PBXFileReference; includeInIndex = 1; lastKnownFileType = text.xcconfig; name = "Pods-Reciplease.release.xcconfig"; path = "Pods/Target Support Files/Pods-Reciplease/Pods-Reciplease.release.xcconfig"; sourceTree = "<group>"; };
		682191C6C91F5EC270EAD574 /* Pods_RecipleaseTests.framework */ = {isa = PBXFileReference; explicitFileType = wrapper.framework; includeInIndex = 0; path = Pods_RecipleaseTests.framework; sourceTree = BUILT_PRODUCTS_DIR; };
		9506364E2170E961004C8A57 /* ResultRecipesListViewController.swift */ = {isa = PBXFileReference; lastKnownFileType = sourcecode.swift; path = ResultRecipesListViewController.swift; sourceTree = "<group>"; };
		950636502170F55E004C8A57 /* RecipeTableViewCell.swift */ = {isa = PBXFileReference; lastKnownFileType = sourcecode.swift; path = RecipeTableViewCell.swift; sourceTree = "<group>"; };
		950F7EB02162833700618958 /* Reciplease.app */ = {isa = PBXFileReference; explicitFileType = wrapper.application; includeInIndex = 0; path = Reciplease.app; sourceTree = BUILT_PRODUCTS_DIR; };
		950F7EB32162833700618958 /* AppDelegate.swift */ = {isa = PBXFileReference; lastKnownFileType = sourcecode.swift; path = AppDelegate.swift; sourceTree = "<group>"; };
		950F7EB82162833700618958 /* Base */ = {isa = PBXFileReference; lastKnownFileType = file.storyboard; name = Base; path = Base.lproj/Main.storyboard; sourceTree = "<group>"; };
		950F7EBD2162833900618958 /* Assets.xcassets */ = {isa = PBXFileReference; lastKnownFileType = folder.assetcatalog; path = Assets.xcassets; sourceTree = "<group>"; };
		950F7EC22162833900618958 /* Info.plist */ = {isa = PBXFileReference; lastKnownFileType = text.plist.xml; path = Info.plist; sourceTree = "<group>"; };
		950F7EC72162833900618958 /* RecipleaseTests.xctest */ = {isa = PBXFileReference; explicitFileType = wrapper.cfbundle; includeInIndex = 0; path = RecipleaseTests.xctest; sourceTree = BUILT_PRODUCTS_DIR; };
		950F7ECD2162833900618958 /* Info.plist */ = {isa = PBXFileReference; lastKnownFileType = text.plist.xml; path = Info.plist; sourceTree = "<group>"; };
		95123AB2217E20A500860546 /* UITextField.swift */ = {isa = PBXFileReference; lastKnownFileType = sourcecode.swift; path = UITextField.swift; sourceTree = "<group>"; };
		9544A1802183831500E6FE78 /* FavoriteRecipeTableViewCell.swift */ = {isa = PBXFileReference; lastKnownFileType = sourcecode.swift; path = FavoriteRecipeTableViewCell.swift; sourceTree = "<group>"; };
		9544A18E21838EC700E6FE78 /* FavoriteRecipe+CoreDataClass.swift */ = {isa = PBXFileReference; lastKnownFileType = sourcecode.swift; path = "FavoriteRecipe+CoreDataClass.swift"; sourceTree = "<group>"; };
		9544A18F21838EC700E6FE78 /* FavoriteRecipe+CoreDataProperties.swift */ = {isa = PBXFileReference; lastKnownFileType = sourcecode.swift; path = "FavoriteRecipe+CoreDataProperties.swift"; sourceTree = "<group>"; };
		9544A1922183A36800E6FE78 /* DetailedFavoriteRecipeViewController.swift */ = {isa = PBXFileReference; lastKnownFileType = sourcecode.swift; path = DetailedFavoriteRecipeViewController.swift; sourceTree = "<group>"; };
		9544A1962183A77B00E6FE78 /* DetailedFavoriteRecipeView.swift */ = {isa = PBXFileReference; lastKnownFileType = sourcecode.swift; path = DetailedFavoriteRecipeView.swift; sourceTree = "<group>"; };
		9550D6B521790625004232B1 /* UIImageView.swift */ = {isa = PBXFileReference; lastKnownFileType = sourcecode.swift; path = UIImageView.swift; sourceTree = "<group>"; };
		9550D6BA217A2DC1004232B1 /* DetailedRecipeService.swift */ = {isa = PBXFileReference; fileEncoding = 4; lastKnownFileType = sourcecode.swift; path = DetailedRecipeService.swift; sourceTree = "<group>"; };
		9550D6C1217A2DEE004232B1 /* SearchRecipeService.swift */ = {isa = PBXFileReference; lastKnownFileType = sourcecode.swift; path = SearchRecipeService.swift; sourceTree = "<group>"; };
		9550D6C3217A2E2E004232B1 /* DetailedRecipe.swift */ = {isa = PBXFileReference; lastKnownFileType = sourcecode.swift; path = DetailedRecipe.swift; sourceTree = "<group>"; };
		9550D6C7217A358C004232B1 /* DetailedRecipesViewController.swift */ = {isa = PBXFileReference; lastKnownFileType = sourcecode.swift; path = DetailedRecipesViewController.swift; sourceTree = "<group>"; };
		9573CAA22163BC4A0051E7EB /* URLStruct.swift */ = {isa = PBXFileReference; lastKnownFileType = sourcecode.swift; path = URLStruct.swift; sourceTree = "<group>"; };
		9578032A217A526D006F2B3C /* DetailedRecipeView.swift */ = {isa = PBXFileReference; lastKnownFileType = sourcecode.swift; path = DetailedRecipeView.swift; sourceTree = "<group>"; };
		9592C5832167D24000206796 /* SearchRecipeViewController.swift */ = {isa = PBXFileReference; lastKnownFileType = sourcecode.swift; path = SearchRecipeViewController.swift; sourceTree = "<group>"; };
		95956034217F55CC00DB0F84 /* Reciplease.xcdatamodel */ = {isa = PBXFileReference; lastKnownFileType = wrapper.xcdatamodel; path = Reciplease.xcdatamodel; sourceTree = "<group>"; };
		95956038217F5F4600DB0F84 /* FavoritesRecipesListViewController.swift */ = {isa = PBXFileReference; lastKnownFileType = sourcecode.swift; path = FavoritesRecipesListViewController.swift; sourceTree = "<group>"; };
		95B1867A218C9B4000F05B08 /* SearchRecipeTests.swift */ = {isa = PBXFileReference; lastKnownFileType = sourcecode.swift; path = SearchRecipeTests.swift; sourceTree = "<group>"; };
		95B61A20218CCC7B00952D83 /* DetailedRecipeTests.swift */ = {isa = PBXFileReference; lastKnownFileType = sourcecode.swift; path = DetailedRecipeTests.swift; sourceTree = "<group>"; };
		95B61A22218D0CBF00952D83 /* SessionManagerFake.swift */ = {isa = PBXFileReference; lastKnownFileType = sourcecode.swift; path = SessionManagerFake.swift; sourceTree = "<group>"; };
		95C691EB216B993000BEB718 /* SearchRecipe.swift */ = {isa = PBXFileReference; lastKnownFileType = sourcecode.swift; path = SearchRecipe.swift; sourceTree = "<group>"; };
		95C691EE216BA25700BEB718 /* UIViewController.swift */ = {isa = PBXFileReference; lastKnownFileType = sourcecode.swift; path = UIViewController.swift; sourceTree = "<group>"; };
		95C84C132188B42300B02AA3 /* SearchRecipe.json */ = {isa = PBXFileReference; lastKnownFileType = text.json; path = SearchRecipe.json; sourceTree = "<group>"; };
		95C84C152188B64500B02AA3 /* FakeResponseData.swift */ = {isa = PBXFileReference; lastKnownFileType = sourcecode.swift; path = FakeResponseData.swift; sourceTree = "<group>"; };
		95DD0855218A3A280002CA44 /* Base */ = {isa = PBXFileReference; lastKnownFileType = file.storyboard; name = Base; path = Base.lproj/LaunchScreen.storyboard; sourceTree = "<group>"; };
		BEBBAAF904BC59A69ED8118F /* Pods-Reciplease.debug.xcconfig */ = {isa = PBXFileReference; includeInIndex = 1; lastKnownFileType = text.xcconfig; name = "Pods-Reciplease.debug.xcconfig"; path = "Pods/Target Support Files/Pods-Reciplease/Pods-Reciplease.debug.xcconfig"; sourceTree = "<group>"; };
		CB038CC63294BF5592154F92 /* Pods_Reciplease.framework */ = {isa = PBXFileReference; explicitFileType = wrapper.framework; includeInIndex = 0; path = Pods_Reciplease.framework; sourceTree = BUILT_PRODUCTS_DIR; };
		F5526AF5CE4BB51DF0EDF3EC /* Pods-RecipleaseTests.debug.xcconfig */ = {isa = PBXFileReference; includeInIndex = 1; lastKnownFileType = text.xcconfig; name = "Pods-RecipleaseTests.debug.xcconfig"; path = "Pods/Target Support Files/Pods-RecipleaseTests/Pods-RecipleaseTests.debug.xcconfig"; sourceTree = "<group>"; };
/* End PBXFileReference section */

/* Begin PBXFrameworksBuildPhase section */
		950F7EAD2162833700618958 /* Frameworks */ = {
			isa = PBXFrameworksBuildPhase;
			buildActionMask = 2147483647;
			files = (
				C8C9D781609B7DFD6BC93671 /* Pods_Reciplease.framework in Frameworks */,
			);
			runOnlyForDeploymentPostprocessing = 0;
		};
		950F7EC42162833900618958 /* Frameworks */ = {
			isa = PBXFrameworksBuildPhase;
			buildActionMask = 2147483647;
			files = (
				C3A3DCBC763D5EE853C88A4A /* Pods_RecipleaseTests.framework in Frameworks */,
			);
			runOnlyForDeploymentPostprocessing = 0;
		};
/* End PBXFrameworksBuildPhase section */

/* Begin PBXGroup section */
		1BE2263385228EAF7FE91B76 /* Frameworks */ = {
			isa = PBXGroup;
			children = (
				CB038CC63294BF5592154F92 /* Pods_Reciplease.framework */,
				682191C6C91F5EC270EAD574 /* Pods_RecipleaseTests.framework */,
			);
			name = Frameworks;
			sourceTree = "<group>";
		};
		268A10996D8459AEF70F4636 /* Pods */ = {
			isa = PBXGroup;
			children = (
				F5526AF5CE4BB51DF0EDF3EC /* Pods-RecipleaseTests.debug.xcconfig */,
				1243EC6AB9F7ACF0B5421255 /* Pods-RecipleaseTests.release.xcconfig */,
				BEBBAAF904BC59A69ED8118F /* Pods-Reciplease.debug.xcconfig */,
				3E8F34BE966DA359F301E10B /* Pods-Reciplease.release.xcconfig */,
			);
			name = Pods;
			sourceTree = "<group>";
		};
		950F7EA72162833700618958 = {
			isa = PBXGroup;
			children = (
				950F7EB22162833700618958 /* Reciplease */,
				950F7ECA2162833900618958 /* RecipleaseTests */,
				950F7EB12162833700618958 /* Products */,
				268A10996D8459AEF70F4636 /* Pods */,
				1BE2263385228EAF7FE91B76 /* Frameworks */,
			);
			sourceTree = "<group>";
		};
		950F7EB12162833700618958 /* Products */ = {
			isa = PBXGroup;
			children = (
				950F7EB02162833700618958 /* Reciplease.app */,
				950F7EC72162833900618958 /* RecipleaseTests.xctest */,
			);
			name = Products;
			sourceTree = "<group>";
		};
		950F7EB22162833700618958 /* Reciplease */ = {
			isa = PBXGroup;
			children = (
				950F7ED62162835A00618958 /* Model */,
				950F7ED72162835E00618958 /* View */,
				950F7ED82162836400618958 /* Controller */,
				95C691ED216BA22600BEB718 /* Extensions */,
				950F7ED92162838000618958 /* Supporting Files */,
			);
			path = Reciplease;
			sourceTree = "<group>";
		};
		950F7ECA2162833900618958 /* RecipleaseTests */ = {
			isa = PBXGroup;
			children = (
				950F7ECD2162833900618958 /* Info.plist */,
				95E0B2442163B15A00749AA5 /* Model */,
			);
			path = RecipleaseTests;
			sourceTree = "<group>";
		};
		950F7ED62162835A00618958 /* Model */ = {
			isa = PBXGroup;
			children = (
				9595603E2180A28000DB0F84 /* CoreData */,
				9550D6C6217A2E4F004232B1 /* Services */,
				9550D6C5217A2E40004232B1 /* RecipeStructures */,
			);
			path = Model;
			sourceTree = "<group>";
		};
		950F7ED72162835E00618958 /* View */ = {
			isa = PBXGroup;
			children = (
				950F7EB72162833700618958 /* Main.storyboard */,
				95DD0854218A3A280002CA44 /* LaunchScreen.storyboard */,
				9595603D2180A25700DB0F84 /* TableViewCell */,
				9595603C2180A25100DB0F84 /* UIView */,
			);
			path = View;
			sourceTree = "<group>";
		};
		950F7ED82162836400618958 /* Controller */ = {
			isa = PBXGroup;
			children = (
				95B61A1E218CCBC600952D83 /* RecipeControllers */,
				95B61A1F218CCBD400952D83 /* FavoriteRecipeControllers */,
			);
			path = Controller;
			sourceTree = "<group>";
		};
		950F7ED92162838000618958 /* Supporting Files */ = {
			isa = PBXGroup;
			children = (
				9573CAA22163BC4A0051E7EB /* URLStruct.swift */,
				950F7EB32162833700618958 /* AppDelegate.swift */,
				950F7EBD2162833900618958 /* Assets.xcassets */,
				950F7EC22162833900618958 /* Info.plist */,
			);
			path = "Supporting Files";
			sourceTree = "<group>";
		};
		9550D6C5217A2E40004232B1 /* RecipeStructures */ = {
			isa = PBXGroup;
			children = (
				95C691EB216B993000BEB718 /* SearchRecipe.swift */,
				9550D6C3217A2E2E004232B1 /* DetailedRecipe.swift */,
			);
			path = RecipeStructures;
			sourceTree = "<group>";
		};
		9550D6C6217A2E4F004232B1 /* Services */ = {
			isa = PBXGroup;
			children = (
				9550D6C1217A2DEE004232B1 /* SearchRecipeService.swift */,
				9550D6BA217A2DC1004232B1 /* DetailedRecipeService.swift */,
			);
			path = Services;
			sourceTree = "<group>";
		};
		9595603C2180A25100DB0F84 /* UIView */ = {
			isa = PBXGroup;
			children = (
				9578032A217A526D006F2B3C /* DetailedRecipeView.swift */,
				9544A1962183A77B00E6FE78 /* DetailedFavoriteRecipeView.swift */,
			);
			path = UIView;
			sourceTree = "<group>";
		};
		9595603D2180A25700DB0F84 /* TableViewCell */ = {
			isa = PBXGroup;
			children = (
				950636502170F55E004C8A57 /* RecipeTableViewCell.swift */,
				9544A1802183831500E6FE78 /* FavoriteRecipeTableViewCell.swift */,
			);
			path = TableViewCell;
			sourceTree = "<group>";
		};
		9595603E2180A28000DB0F84 /* CoreData */ = {
			isa = PBXGroup;
			children = (
				95956033217F55CC00DB0F84 /* Reciplease.xcdatamodeld */,
				9544A18E21838EC700E6FE78 /* FavoriteRecipe+CoreDataClass.swift */,
				9544A18F21838EC700E6FE78 /* FavoriteRecipe+CoreDataProperties.swift */,
			);
			path = CoreData;
			sourceTree = "<group>";
		};
		95B61A1E218CCBC600952D83 /* RecipeControllers */ = {
			isa = PBXGroup;
			children = (
				9592C5832167D24000206796 /* SearchRecipeViewController.swift */,
				9506364E2170E961004C8A57 /* ResultRecipesListViewController.swift */,
				9550D6C7217A358C004232B1 /* DetailedRecipesViewController.swift */,
			);
			path = RecipeControllers;
			sourceTree = "<group>";
		};
		95B61A1F218CCBD400952D83 /* FavoriteRecipeControllers */ = {
			isa = PBXGroup;
			children = (
				95956038217F5F4600DB0F84 /* FavoritesRecipesListViewController.swift */,
				9544A1922183A36800E6FE78 /* DetailedFavoriteRecipeViewController.swift */,
			);
			path = FavoriteRecipeControllers;
			sourceTree = "<group>";
		};
		95C691ED216BA22600BEB718 /* Extensions */ = {
			isa = PBXGroup;
			children = (
				95C691EE216BA25700BEB718 /* UIViewController.swift */,
				9550D6B521790625004232B1 /* UIImageView.swift */,
				95123AB2217E20A500860546 /* UITextField.swift */,
			);
			path = Extensions;
			sourceTree = "<group>";
		};
		95C84C112188B3D900B02AA3 /* SearchRecipe */ = {
			isa = PBXGroup;
			children = (
				95C84C132188B42300B02AA3 /* SearchRecipe.json */,
				95B1867A218C9B4000F05B08 /* SearchRecipeTests.swift */,
			);
			path = SearchRecipe;
			sourceTree = "<group>";
		};
		95C84C122188B3F600B02AA3 /* DetailedRecipe */ = {
			isa = PBXGroup;
			children = (
				95B61A20218CCC7B00952D83 /* DetailedRecipeTests.swift */,
			);
			path = DetailedRecipe;
			sourceTree = "<group>";
		};
		95E0B2442163B15A00749AA5 /* Model */ = {
			isa = PBXGroup;
			children = (
				95C84C152188B64500B02AA3 /* FakeResponseData.swift */,
				95B61A22218D0CBF00952D83 /* SessionManagerFake.swift */,
				95C84C112188B3D900B02AA3 /* SearchRecipe */,
				95C84C122188B3F600B02AA3 /* DetailedRecipe */,
			);
			path = Model;
			sourceTree = "<group>";
		};
/* End PBXGroup section */

/* Begin PBXNativeTarget section */
		950F7EAF2162833700618958 /* Reciplease */ = {
			isa = PBXNativeTarget;
			buildConfigurationList = 950F7ED02162833900618958 /* Build configuration list for PBXNativeTarget "Reciplease" */;
			buildPhases = (
				2AB031462AFEB38C52186F59 /* [CP] Check Pods Manifest.lock */,
				950F7EAC2162833700618958 /* Sources */,
				950F7EAD2162833700618958 /* Frameworks */,
				950F7EAE2162833700618958 /* Resources */,
				93A9DF121B34D493E205B5FC /* [CP] Embed Pods Frameworks */,
			);
			buildRules = (
			);
			dependencies = (
			);
			name = Reciplease;
			productName = Reciplease;
			productReference = 950F7EB02162833700618958 /* Reciplease.app */;
			productType = "com.apple.product-type.application";
		};
		950F7EC62162833900618958 /* RecipleaseTests */ = {
			isa = PBXNativeTarget;
			buildConfigurationList = 950F7ED32162833900618958 /* Build configuration list for PBXNativeTarget "RecipleaseTests" */;
			buildPhases = (
				AD897E2E067BBE9D0E1AB5BD /* [CP] Check Pods Manifest.lock */,
				950F7EC32162833900618958 /* Sources */,
				950F7EC42162833900618958 /* Frameworks */,
				950F7EC52162833900618958 /* Resources */,
				F3637F8D742F3513E00671F9 /* [CP] Embed Pods Frameworks */,
			);
			buildRules = (
			);
			dependencies = (
				950F7EC92162833900618958 /* PBXTargetDependency */,
			);
			name = RecipleaseTests;
			productName = RecipleaseTests;
			productReference = 950F7EC72162833900618958 /* RecipleaseTests.xctest */;
			productType = "com.apple.product-type.bundle.unit-test";
		};
/* End PBXNativeTarget section */

/* Begin PBXProject section */
		950F7EA82162833700618958 /* Project object */ = {
			isa = PBXProject;
			attributes = {
				LastSwiftUpdateCheck = 1000;
				LastUpgradeCheck = 1000;
				ORGANIZATIONNAME = "Christophe DURAND";
				TargetAttributes = {
					950F7EAF2162833700618958 = {
						CreatedOnToolsVersion = 10.0;
					};
					950F7EC62162833900618958 = {
						CreatedOnToolsVersion = 10.0;
						LastSwiftMigration = 1000;
						TestTargetID = 950F7EAF2162833700618958;
					};
				};
			};
			buildConfigurationList = 950F7EAB2162833700618958 /* Build configuration list for PBXProject "Reciplease" */;
			compatibilityVersion = "Xcode 9.3";
			developmentRegion = en;
			hasScannedForEncodings = 0;
			knownRegions = (
				en,
				Base,
			);
			mainGroup = 950F7EA72162833700618958;
			productRefGroup = 950F7EB12162833700618958 /* Products */;
			projectDirPath = "";
			projectRoot = "";
			targets = (
				950F7EAF2162833700618958 /* Reciplease */,
				950F7EC62162833900618958 /* RecipleaseTests */,
			);
		};
/* End PBXProject section */

/* Begin PBXResourcesBuildPhase section */
		950F7EAE2162833700618958 /* Resources */ = {
			isa = PBXResourcesBuildPhase;
			buildActionMask = 2147483647;
			files = (
				95DD0856218A3A280002CA44 /* LaunchScreen.storyboard in Resources */,
				950F7EBE2162833900618958 /* Assets.xcassets in Resources */,
				950F7EB92162833700618958 /* Main.storyboard in Resources */,
			);
			runOnlyForDeploymentPostprocessing = 0;
		};
		950F7EC52162833900618958 /* Resources */ = {
			isa = PBXResourcesBuildPhase;
			buildActionMask = 2147483647;
			files = (
				95C84C142188B42300B02AA3 /* SearchRecipe.json in Resources */,
			);
			runOnlyForDeploymentPostprocessing = 0;
		};
/* End PBXResourcesBuildPhase section */

/* Begin PBXShellScriptBuildPhase section */
		2AB031462AFEB38C52186F59 /* [CP] Check Pods Manifest.lock */ = {
			isa = PBXShellScriptBuildPhase;
			buildActionMask = 2147483647;
			files = (
			);
			inputFileListPaths = (
			);
			inputPaths = (
				"${PODS_PODFILE_DIR_PATH}/Podfile.lock",
				"${PODS_ROOT}/Manifest.lock",
			);
			name = "[CP] Check Pods Manifest.lock";
			outputFileListPaths = (
			);
			outputPaths = (
				"$(DERIVED_FILE_DIR)/Pods-Reciplease-checkManifestLockResult.txt",
			);
			runOnlyForDeploymentPostprocessing = 0;
			shellPath = /bin/sh;
			shellScript = "diff \"${PODS_PODFILE_DIR_PATH}/Podfile.lock\" \"${PODS_ROOT}/Manifest.lock\" > /dev/null\nif [ $? != 0 ] ; then\n    # print error to STDERR\n    echo \"error: The sandbox is not in sync with the Podfile.lock. Run 'pod install' or update your CocoaPods installation.\" >&2\n    exit 1\nfi\n# This output is used by Xcode 'outputs' to avoid re-running this script phase.\necho \"SUCCESS\" > \"${SCRIPT_OUTPUT_FILE_0}\"\n";
			showEnvVarsInLog = 0;
		};
		93A9DF121B34D493E205B5FC /* [CP] Embed Pods Frameworks */ = {
			isa = PBXShellScriptBuildPhase;
			buildActionMask = 2147483647;
			files = (
			);
			inputFileListPaths = (
			);
			inputPaths = (
				"${SRCROOT}/Pods/Target Support Files/Pods-Reciplease/Pods-Reciplease-frameworks.sh",
				"${BUILT_PRODUCTS_DIR}/Alamofire/Alamofire.framework",
			);
			name = "[CP] Embed Pods Frameworks";
			outputFileListPaths = (
			);
			outputPaths = (
				"${TARGET_BUILD_DIR}/${FRAMEWORKS_FOLDER_PATH}/Alamofire.framework",
			);
			runOnlyForDeploymentPostprocessing = 0;
			shellPath = /bin/sh;
			shellScript = "\"${SRCROOT}/Pods/Target Support Files/Pods-Reciplease/Pods-Reciplease-frameworks.sh\"\n";
			showEnvVarsInLog = 0;
		};
		AD897E2E067BBE9D0E1AB5BD /* [CP] Check Pods Manifest.lock */ = {
			isa = PBXShellScriptBuildPhase;
			buildActionMask = 2147483647;
			files = (
			);
			inputFileListPaths = (
			);
			inputPaths = (
				"${PODS_PODFILE_DIR_PATH}/Podfile.lock",
				"${PODS_ROOT}/Manifest.lock",
			);
			name = "[CP] Check Pods Manifest.lock";
			outputFileListPaths = (
			);
			outputPaths = (
				"$(DERIVED_FILE_DIR)/Pods-RecipleaseTests-checkManifestLockResult.txt",
			);
			runOnlyForDeploymentPostprocessing = 0;
			shellPath = /bin/sh;
			shellScript = "diff \"${PODS_PODFILE_DIR_PATH}/Podfile.lock\" \"${PODS_ROOT}/Manifest.lock\" > /dev/null\nif [ $? != 0 ] ; then\n    # print error to STDERR\n    echo \"error: The sandbox is not in sync with the Podfile.lock. Run 'pod install' or update your CocoaPods installation.\" >&2\n    exit 1\nfi\n# This output is used by Xcode 'outputs' to avoid re-running this script phase.\necho \"SUCCESS\" > \"${SCRIPT_OUTPUT_FILE_0}\"\n";
			showEnvVarsInLog = 0;
		};
		F3637F8D742F3513E00671F9 /* [CP] Embed Pods Frameworks */ = {
			isa = PBXShellScriptBuildPhase;
			buildActionMask = 2147483647;
			files = (
			);
			inputFileListPaths = (
			);
			inputPaths = (
				"${SRCROOT}/Pods/Target Support Files/Pods-RecipleaseTests/Pods-RecipleaseTests-frameworks.sh",
				"${BUILT_PRODUCTS_DIR}/Alamofire/Alamofire.framework",
			);
			name = "[CP] Embed Pods Frameworks";
			outputFileListPaths = (
			);
			outputPaths = (
				"${TARGET_BUILD_DIR}/${FRAMEWORKS_FOLDER_PATH}/Alamofire.framework",
			);
			runOnlyForDeploymentPostprocessing = 0;
			shellPath = /bin/sh;
			shellScript = "\"${SRCROOT}/Pods/Target Support Files/Pods-RecipleaseTests/Pods-RecipleaseTests-frameworks.sh\"\n";
			showEnvVarsInLog = 0;
		};
/* End PBXShellScriptBuildPhase section */

/* Begin PBXSourcesBuildPhase section */
		950F7EAC2162833700618958 /* Sources */ = {
			isa = PBXSourcesBuildPhase;
			buildActionMask = 2147483647;
			files = (
				9544A1972183A77B00E6FE78 /* DetailedFavoriteRecipeView.swift in Sources */,
				95C691EF216BA25700BEB718 /* UIViewController.swift in Sources */,
				9544A1812183831500E6FE78 /* FavoriteRecipeTableViewCell.swift in Sources */,
				950636512170F55E004C8A57 /* RecipeTableViewCell.swift in Sources */,
				9544A19121838EC700E6FE78 /* FavoriteRecipe+CoreDataProperties.swift in Sources */,
				95956039217F5F4600DB0F84 /* FavoritesRecipesListViewController.swift in Sources */,
				9592C5842167D24000206796 /* SearchRecipeViewController.swift in Sources */,
				9578032B217A526D006F2B3C /* DetailedRecipeView.swift in Sources */,
				9573CAA32163BC4A0051E7EB /* URLStruct.swift in Sources */,
				9544A1932183A36800E6FE78 /* DetailedFavoriteRecipeViewController.swift in Sources */,
				95C691EC216B993000BEB718 /* SearchRecipe.swift in Sources */,
				9550D6B621790625004232B1 /* UIImageView.swift in Sources */,
				9544A19021838EC700E6FE78 /* FavoriteRecipe+CoreDataClass.swift in Sources */,
				9506364F2170E961004C8A57 /* ResultRecipesListViewController.swift in Sources */,
				9550D6BE217A2DC2004232B1 /* DetailedRecipeService.swift in Sources */,
				950F7EB42162833700618958 /* AppDelegate.swift in Sources */,
				95123AB3217E20A500860546 /* UITextField.swift in Sources */,
				95956035217F55CC00DB0F84 /* Reciplease.xcdatamodeld in Sources */,
				9550D6C8217A358C004232B1 /* DetailedRecipesViewController.swift in Sources */,
				9550D6C2217A2DEE004232B1 /* SearchRecipeService.swift in Sources */,
				9550D6C4217A2E2E004232B1 /* DetailedRecipe.swift in Sources */,
			);
			runOnlyForDeploymentPostprocessing = 0;
		};
		950F7EC32162833900618958 /* Sources */ = {
			isa = PBXSourcesBuildPhase;
			buildActionMask = 2147483647;
			files = (
				95C84C162188B64500B02AA3 /* FakeResponseData.swift in Sources */,
				95B61A23218D0CBF00952D83 /* SessionManagerFake.swift in Sources */,
				95B1867B218C9B4000F05B08 /* SearchRecipeTests.swift in Sources */,
				95B61A21218CCC7B00952D83 /* DetailedRecipeTests.swift in Sources */,
			);
			runOnlyForDeploymentPostprocessing = 0;
		};
/* End PBXSourcesBuildPhase section */

/* Begin PBXTargetDependency section */
		950F7EC92162833900618958 /* PBXTargetDependency */ = {
			isa = PBXTargetDependency;
			target = 950F7EAF2162833700618958 /* Reciplease */;
			targetProxy = 950F7EC82162833900618958 /* PBXContainerItemProxy */;
		};
/* End PBXTargetDependency section */

/* Begin PBXVariantGroup section */
		950F7EB72162833700618958 /* Main.storyboard */ = {
			isa = PBXVariantGroup;
			children = (
				950F7EB82162833700618958 /* Base */,
			);
			name = Main.storyboard;
			sourceTree = "<group>";
		};
		95DD0854218A3A280002CA44 /* LaunchScreen.storyboard */ = {
			isa = PBXVariantGroup;
			children = (
				95DD0855218A3A280002CA44 /* Base */,
			);
			name = LaunchScreen.storyboard;
			sourceTree = "<group>";
		};
/* End PBXVariantGroup section */

/* Begin XCBuildConfiguration section */
		950F7ECE2162833900618958 /* Debug */ = {
			isa = XCBuildConfiguration;
			buildSettings = {
				ALWAYS_SEARCH_USER_PATHS = NO;
				CLANG_ANALYZER_NONNULL = YES;
				CLANG_ANALYZER_NUMBER_OBJECT_CONVERSION = YES_AGGRESSIVE;
				CLANG_CXX_LANGUAGE_STANDARD = "gnu++14";
				CLANG_CXX_LIBRARY = "libc++";
				CLANG_ENABLE_MODULES = YES;
				CLANG_ENABLE_OBJC_ARC = YES;
				CLANG_ENABLE_OBJC_WEAK = YES;
				CLANG_WARN_BLOCK_CAPTURE_AUTORELEASING = YES;
				CLANG_WARN_BOOL_CONVERSION = YES;
				CLANG_WARN_COMMA = YES;
				CLANG_WARN_CONSTANT_CONVERSION = YES;
				CLANG_WARN_DEPRECATED_OBJC_IMPLEMENTATIONS = YES;
				CLANG_WARN_DIRECT_OBJC_ISA_USAGE = YES_ERROR;
				CLANG_WARN_DOCUMENTATION_COMMENTS = YES;
				CLANG_WARN_EMPTY_BODY = YES;
				CLANG_WARN_ENUM_CONVERSION = YES;
				CLANG_WARN_INFINITE_RECURSION = YES;
				CLANG_WARN_INT_CONVERSION = YES;
				CLANG_WARN_NON_LITERAL_NULL_CONVERSION = YES;
				CLANG_WARN_OBJC_IMPLICIT_RETAIN_SELF = YES;
				CLANG_WARN_OBJC_LITERAL_CONVERSION = YES;
				CLANG_WARN_OBJC_ROOT_CLASS = YES_ERROR;
				CLANG_WARN_RANGE_LOOP_ANALYSIS = YES;
				CLANG_WARN_STRICT_PROTOTYPES = YES;
				CLANG_WARN_SUSPICIOUS_MOVE = YES;
				CLANG_WARN_UNGUARDED_AVAILABILITY = YES_AGGRESSIVE;
				CLANG_WARN_UNREACHABLE_CODE = YES;
				CLANG_WARN__DUPLICATE_METHOD_MATCH = YES;
				CODE_SIGN_IDENTITY = "iPhone Developer";
				COPY_PHASE_STRIP = NO;
				DEBUG_INFORMATION_FORMAT = dwarf;
				ENABLE_STRICT_OBJC_MSGSEND = YES;
				ENABLE_TESTABILITY = YES;
				GCC_C_LANGUAGE_STANDARD = gnu11;
				GCC_DYNAMIC_NO_PIC = NO;
				GCC_NO_COMMON_BLOCKS = YES;
				GCC_OPTIMIZATION_LEVEL = 0;
				GCC_PREPROCESSOR_DEFINITIONS = (
					"DEBUG=1",
					"$(inherited)",
				);
				GCC_WARN_64_TO_32_BIT_CONVERSION = YES;
				GCC_WARN_ABOUT_RETURN_TYPE = YES_ERROR;
				GCC_WARN_UNDECLARED_SELECTOR = YES;
				GCC_WARN_UNINITIALIZED_AUTOS = YES_AGGRESSIVE;
				GCC_WARN_UNUSED_FUNCTION = YES;
				GCC_WARN_UNUSED_VARIABLE = YES;
				IPHONEOS_DEPLOYMENT_TARGET = 12.0;
				MTL_ENABLE_DEBUG_INFO = INCLUDE_SOURCE;
				MTL_FAST_MATH = YES;
				ONLY_ACTIVE_ARCH = YES;
				SDKROOT = iphoneos;
				SWIFT_ACTIVE_COMPILATION_CONDITIONS = DEBUG;
				SWIFT_INSTALL_OBJC_HEADER = YES;
				SWIFT_OBJC_BRIDGING_HEADER = "";
				SWIFT_OPTIMIZATION_LEVEL = "-Onone";
				SWIFT_PRECOMPILE_BRIDGING_HEADER = YES;
			};
			name = Debug;
		};
		950F7ECF2162833900618958 /* Release */ = {
			isa = XCBuildConfiguration;
			buildSettings = {
				ALWAYS_SEARCH_USER_PATHS = NO;
				CLANG_ANALYZER_NONNULL = YES;
				CLANG_ANALYZER_NUMBER_OBJECT_CONVERSION = YES_AGGRESSIVE;
				CLANG_CXX_LANGUAGE_STANDARD = "gnu++14";
				CLANG_CXX_LIBRARY = "libc++";
				CLANG_ENABLE_MODULES = YES;
				CLANG_ENABLE_OBJC_ARC = YES;
				CLANG_ENABLE_OBJC_WEAK = YES;
				CLANG_WARN_BLOCK_CAPTURE_AUTORELEASING = YES;
				CLANG_WARN_BOOL_CONVERSION = YES;
				CLANG_WARN_COMMA = YES;
				CLANG_WARN_CONSTANT_CONVERSION = YES;
				CLANG_WARN_DEPRECATED_OBJC_IMPLEMENTATIONS = YES;
				CLANG_WARN_DIRECT_OBJC_ISA_USAGE = YES_ERROR;
				CLANG_WARN_DOCUMENTATION_COMMENTS = YES;
				CLANG_WARN_EMPTY_BODY = YES;
				CLANG_WARN_ENUM_CONVERSION = YES;
				CLANG_WARN_INFINITE_RECURSION = YES;
				CLANG_WARN_INT_CONVERSION = YES;
				CLANG_WARN_NON_LITERAL_NULL_CONVERSION = YES;
				CLANG_WARN_OBJC_IMPLICIT_RETAIN_SELF = YES;
				CLANG_WARN_OBJC_LITERAL_CONVERSION = YES;
				CLANG_WARN_OBJC_ROOT_CLASS = YES_ERROR;
				CLANG_WARN_RANGE_LOOP_ANALYSIS = YES;
				CLANG_WARN_STRICT_PROTOTYPES = YES;
				CLANG_WARN_SUSPICIOUS_MOVE = YES;
				CLANG_WARN_UNGUARDED_AVAILABILITY = YES_AGGRESSIVE;
				CLANG_WARN_UNREACHABLE_CODE = YES;
				CLANG_WARN__DUPLICATE_METHOD_MATCH = YES;
				CODE_SIGN_IDENTITY = "iPhone Developer";
				COPY_PHASE_STRIP = NO;
				DEBUG_INFORMATION_FORMAT = "dwarf-with-dsym";
				ENABLE_NS_ASSERTIONS = NO;
				ENABLE_STRICT_OBJC_MSGSEND = YES;
				GCC_C_LANGUAGE_STANDARD = gnu11;
				GCC_NO_COMMON_BLOCKS = YES;
				GCC_WARN_64_TO_32_BIT_CONVERSION = YES;
				GCC_WARN_ABOUT_RETURN_TYPE = YES_ERROR;
				GCC_WARN_UNDECLARED_SELECTOR = YES;
				GCC_WARN_UNINITIALIZED_AUTOS = YES_AGGRESSIVE;
				GCC_WARN_UNUSED_FUNCTION = YES;
				GCC_WARN_UNUSED_VARIABLE = YES;
				IPHONEOS_DEPLOYMENT_TARGET = 12.0;
				MTL_ENABLE_DEBUG_INFO = NO;
				MTL_FAST_MATH = YES;
				SDKROOT = iphoneos;
				SWIFT_COMPILATION_MODE = wholemodule;
				SWIFT_INSTALL_OBJC_HEADER = YES;
				SWIFT_OBJC_BRIDGING_HEADER = "";
				SWIFT_OPTIMIZATION_LEVEL = "-O";
				SWIFT_PRECOMPILE_BRIDGING_HEADER = YES;
				VALIDATE_PRODUCT = YES;
			};
			name = Release;
		};
		950F7ED12162833900618958 /* Debug */ = {
			isa = XCBuildConfiguration;
			baseConfigurationReference = BEBBAAF904BC59A69ED8118F /* Pods-Reciplease.debug.xcconfig */;
			buildSettings = {
				ASSETCATALOG_COMPILER_APPICON_NAME = AppIcon;
				CODE_SIGN_STYLE = Automatic;
				DEVELOPMENT_TEAM = SYU76B2V84;
				INFOPLIST_FILE = "$(SRCROOT)/Reciplease/Supporting Files/Info.plist";
				LD_RUNPATH_SEARCH_PATHS = (
					"$(inherited)",
					"@executable_path/Frameworks",
				);
				PRODUCT_BUNDLE_IDENTIFIER = com.christophedurand.Reciplease;
				PRODUCT_NAME = "$(TARGET_NAME)";
				SWIFT_VERSION = 4.2;
				TARGETED_DEVICE_FAMILY = 1;
			};
			name = Debug;
		};
		950F7ED22162833900618958 /* Release */ = {
			isa = XCBuildConfiguration;
			baseConfigurationReference = 3E8F34BE966DA359F301E10B /* Pods-Reciplease.release.xcconfig */;
			buildSettings = {
				ASSETCATALOG_COMPILER_APPICON_NAME = AppIcon;
				CODE_SIGN_STYLE = Automatic;
				DEVELOPMENT_TEAM = SYU76B2V84;
				INFOPLIST_FILE = "$(SRCROOT)/Reciplease/Supporting Files/Info.plist";
				LD_RUNPATH_SEARCH_PATHS = (
					"$(inherited)",
					"@executable_path/Frameworks",
				);
				PRODUCT_BUNDLE_IDENTIFIER = com.christophedurand.Reciplease;
				PRODUCT_NAME = "$(TARGET_NAME)";
				SWIFT_VERSION = 4.2;
				TARGETED_DEVICE_FAMILY = 1;
			};
			name = Release;
		};
		950F7ED42162833900618958 /* Debug */ = {
			isa = XCBuildConfiguration;
			baseConfigurationReference = F5526AF5CE4BB51DF0EDF3EC /* Pods-RecipleaseTests.debug.xcconfig */;
			buildSettings = {
				ALWAYS_EMBED_SWIFT_STANDARD_LIBRARIES = YES;
				BUNDLE_LOADER = "$(TEST_HOST)";
				CLANG_ENABLE_MODULES = YES;
				CODE_SIGN_STYLE = Automatic;
				DEVELOPMENT_TEAM = SYU76B2V84;
				GCC_GENERATE_TEST_COVERAGE_FILES = NO;
				INFOPLIST_FILE = RecipleaseTests/Info.plist;
				LD_RUNPATH_SEARCH_PATHS = (
					"$(inherited)",
					"@executable_path/Frameworks",
					"@loader_path/Frameworks",
				);
				OTHER_LDFLAGS = "";
				PRODUCT_BUNDLE_IDENTIFIER = com.christophedurand.RecipleaseTests;
				PRODUCT_NAME = "$(TARGET_NAME)";
				SWIFT_OBJC_BRIDGING_HEADER = "";
				SWIFT_OPTIMIZATION_LEVEL = "-Onone";
				SWIFT_VERSION = 4.2;
				TARGETED_DEVICE_FAMILY = "1,2";
				TEST_HOST = "$(BUILT_PRODUCTS_DIR)/Reciplease.app/Reciplease";
			};
			name = Debug;
		};
		950F7ED52162833900618958 /* Release */ = {
			isa = XCBuildConfiguration;
			baseConfigurationReference = 1243EC6AB9F7ACF0B5421255 /* Pods-RecipleaseTests.release.xcconfig */;
			buildSettings = {
				ALWAYS_EMBED_SWIFT_STANDARD_LIBRARIES = YES;
				BUNDLE_LOADER = "$(TEST_HOST)";
				CLANG_ENABLE_MODULES = YES;
				CODE_SIGN_STYLE = Automatic;
				DEVELOPMENT_TEAM = SYU76B2V84;
				GCC_GENERATE_TEST_COVERAGE_FILES = NO;
				INFOPLIST_FILE = RecipleaseTests/Info.plist;
				LD_RUNPATH_SEARCH_PATHS = (
					"$(inherited)",
					"@executable_path/Frameworks",
					"@loader_path/Frameworks",
				);
				OTHER_LDFLAGS = "";
				PRODUCT_BUNDLE_IDENTIFIER = com.christophedurand.RecipleaseTests;
				PRODUCT_NAME = "$(TARGET_NAME)";
				SWIFT_OBJC_BRIDGING_HEADER = "";
				SWIFT_VERSION = 4.2;
				TARGETED_DEVICE_FAMILY = "1,2";
				TEST_HOST = "$(BUILT_PRODUCTS_DIR)/Reciplease.app/Reciplease";
			};
			name = Release;
		};
/* End XCBuildConfiguration section */

/* Begin XCConfigurationList section */
		950F7EAB2162833700618958 /* Build configuration list for PBXProject "Reciplease" */ = {
			isa = XCConfigurationList;
			buildConfigurations = (
				950F7ECE2162833900618958 /* Debug */,
				950F7ECF2162833900618958 /* Release */,
			);
			defaultConfigurationIsVisible = 0;
			defaultConfigurationName = Release;
		};
		950F7ED02162833900618958 /* Build configuration list for PBXNativeTarget "Reciplease" */ = {
			isa = XCConfigurationList;
			buildConfigurations = (
				950F7ED12162833900618958 /* Debug */,
				950F7ED22162833900618958 /* Release */,
			);
			defaultConfigurationIsVisible = 0;
			defaultConfigurationName = Release;
		};
		950F7ED32162833900618958 /* Build configuration list for PBXNativeTarget "RecipleaseTests" */ = {
			isa = XCConfigurationList;
			buildConfigurations = (
				950F7ED42162833900618958 /* Debug */,
				950F7ED52162833900618958 /* Release */,
			);
			defaultConfigurationIsVisible = 0;
			defaultConfigurationName = Release;
		};
/* End XCConfigurationList section */

/* Begin XCVersionGroup section */
		95956033217F55CC00DB0F84 /* Reciplease.xcdatamodeld */ = {
			isa = XCVersionGroup;
			children = (
				95956034217F55CC00DB0F84 /* Reciplease.xcdatamodel */,
			);
			currentVersion = 95956034217F55CC00DB0F84 /* Reciplease.xcdatamodel */;
			path = Reciplease.xcdatamodeld;
			sourceTree = "<group>";
			versionGroupType = wrapper.xcdatamodel;
		};
/* End XCVersionGroup section */
	};
	rootObject = 950F7EA82162833700618958 /* Project object */;
}
